# THIS IS AN AUTOGENERATED FILE. DO NOT EDIT THIS FILE DIRECTLY.
# yarn lockfile v1


"@babel/parser@^7.15.0":
  version "7.15.8"
  resolved "https://registry.yarnpkg.com/@babel/parser/-/parser-7.15.8.tgz#7bacdcbe71bdc3ff936d510c15dcea7cf0b99016"
  integrity sha512-BRYa3wcQnjS/nqI8Ac94pYYpJfojHVvVXJ97+IDCImX4Jc8W8Xv1+47enbruk+q1etOpsQNwnfFcNGw+gtPGxA==

"@vitejs/plugin-vue@1.9.3":
  version "1.9.3"
  resolved "https://registry.yarnpkg.com/@vitejs/plugin-vue/-/plugin-vue-1.9.3.tgz#93d61893ce6c723d0209af0483ec8b91a2cd811f"
  integrity sha512-yW6H/q+4Mc2PcVjSOelcsMrg/k15DnMUz8jyCFsI04emc3aLwo4AoofUfGnjHUkgirrDxSJLVqQVGhonQ3yykA==

"@vue/compiler-core@3.2.16":
  version "3.2.16"
  resolved "https://registry.yarnpkg.com/@vue/compiler-core/-/compiler-core-3.2.16.tgz#aa1c475e5183f24ca93de1bb009b77e63cd189ab"
  integrity sha512-60LD3f1GpMtoCPWKP7HacFxv97/EUY8m4WNqfFYmfaILVGO0icojdOCYOfgGFiYC+kgk1MOVdiI4vrWci0CnhQ==
  dependencies:
    "@babel/parser" "^7.15.0"
    "@vue/shared" "3.2.16"
    estree-walker "^2.0.2"
    source-map "^0.6.1"

"@vue/compiler-dom@3.2.16":
  version "3.2.16"
  resolved "https://registry.yarnpkg.com/@vue/compiler-dom/-/compiler-dom-3.2.16.tgz#b0748874c4fcf98dfb20efc8a40f629c90c8a620"
  integrity sha512-K7lYfwvsp5OLb0+/rKI9XT2RJy2RB7TyJBjvlfCDAF0KOJGqWAx++DLJPm+F3D29Mhxgt6ozSKP+rC3dSabvYA==
  dependencies:
    "@vue/compiler-core" "3.2.16"
    "@vue/shared" "3.2.16"

"@vue/compiler-sfc@3.2.16":
  version "3.2.16"
  resolved "https://registry.yarnpkg.com/@vue/compiler-sfc/-/compiler-sfc-3.2.16.tgz#7e8c372baa0fa93f0c91058d8fa25780f7233f29"
  integrity sha512-AxaDDg0ZjY7lCoVnCq7V+K3SIEfhyIHtten7k/LRupVC/VzSbelBmW0J8bawgsjLJAfTsdWZjeezZ5JJp2DM/A==
  dependencies:
    "@babel/parser" "^7.15.0"
    "@vue/compiler-core" "3.2.16"
    "@vue/compiler-dom" "3.2.16"
    "@vue/compiler-ssr" "3.2.16"
    "@vue/ref-transform" "3.2.16"
    "@vue/shared" "3.2.16"
    estree-walker "^2.0.2"
    magic-string "^0.25.7"
    postcss "^8.1.10"
    source-map "^0.6.1"

"@vue/compiler-ssr@3.2.16":
  version "3.2.16"
  resolved "https://registry.yarnpkg.com/@vue/compiler-ssr/-/compiler-ssr-3.2.16.tgz#7184aac9a69bbde73614eceb726491f7e91350e8"
  integrity sha512-u2Inuqp3QpEV3E03ppBLdba40mU0dz/fisbfGjRPlxH5uuQ9v9i5qgrFl7xZ+N5C0ugg5+5KI7MgsbsCAPn0mQ==
  dependencies:
    "@vue/compiler-dom" "3.2.16"
    "@vue/shared" "3.2.16"

"@vue/reactivity@3.2.16":
  version "3.2.16"
  resolved "https://registry.yarnpkg.com/@vue/reactivity/-/reactivity-3.2.16.tgz#0d4253443d580c906508b0b05b2cd136d46bf4a2"
  integrity sha512-eOOpjakbRFg2roaGhVsGgBFnQWaXJcTw66wfc+ZMWl/cihAcgn792gFO1a6KeT68vQBp4JVpGZ5jkkdgZnwFfA==
  dependencies:
    "@vue/shared" "3.2.16"

"@vue/ref-transform@3.2.16":
  version "3.2.16"
  resolved "https://registry.yarnpkg.com/@vue/ref-transform/-/ref-transform-3.2.16.tgz#796a96a205a318b4b0f40bbdace78396c4d0708b"
  integrity sha512-IXFgxGnyd5jIXPQ/QlOoz+daeikeR1AA6DujgqalmW/ndCX9ZKW1rhFsoMGR0WAUZ4VHbT3eluUJhBF8ikNzPg==
  dependencies:
    "@babel/parser" "^7.15.0"
    "@vue/compiler-core" "3.2.16"
    "@vue/shared" "3.2.16"
    estree-walker "^2.0.2"
    magic-string "^0.25.7"

"@vue/runtime-core@3.2.16":
  version "3.2.16"
  resolved "https://registry.yarnpkg.com/@vue/runtime-core/-/runtime-core-3.2.16.tgz#4c8d909029e595762cb70b97702485bfaf4c047c"
  integrity sha512-Y7jDSKpwRmibQSXpGS2xcC2eVF9CuHQ6uPd1BSMy4aJCzB3ATI0CpRm/Ee/a5e70vjd5D9bY9IHe+9I0CIX1Bg==
  dependencies:
    "@vue/reactivity" "3.2.16"
    "@vue/shared" "3.2.16"

"@vue/runtime-dom@3.2.16":
  version "3.2.16"
  resolved "https://registry.yarnpkg.com/@vue/runtime-dom/-/runtime-dom-3.2.16.tgz#50aa4afd11fe32f4d70915753411fb387ff9785a"
  integrity sha512-PJ/aMaGfXkqFnykNqpDamcMJni4c/nqDQDz0hKncJiVqU4leiFGq7YC2IFbXECdG83GiHFhEc/77WOhecWSmCw==
  dependencies:
    "@vue/runtime-core" "3.2.16"
    "@vue/shared" "3.2.16"
    csstype "^2.6.8"

"@vue/server-renderer@3.2.16":
  version "3.2.16"
  resolved "https://registry.yarnpkg.com/@vue/server-renderer/-/server-renderer-3.2.16.tgz#791e47957c16f31e53a773c27b0b88d8095d4586"
  integrity sha512-g2aSNYHaExFElYmKw1bfmp3yQmBCPQzrX3Hd7bhDa7bbGGHGchOg0n31SwuMrGk/z/pho4Z0K+LPfChmcECynQ==
  dependencies:
    "@vue/compiler-ssr" "3.2.16"
    "@vue/shared" "3.2.16"

"@vue/shared@3.2.16":
  version "3.2.16"
  resolved "https://registry.yarnpkg.com/@vue/shared/-/shared-3.2.16.tgz#a7f5e37e07ac68d4b7ea8ebeba515b46d205c524"
  integrity sha512-zpv8lxuatl3ruCJCsGzrO/F4+IlLug4jbu3vaIi/wJVZKQgnsW1R/xSRJMQS6K57cl4fT/2zkrYsWh1/6H7Esw==

axios@0.23.0:
  version "0.23.0"
  resolved "https://registry.yarnpkg.com/axios/-/axios-0.23.0.tgz#b0fa5d0948a8d1d75e3d5635238b6c4625b05149"
  integrity sha512-NmvAE4i0YAv5cKq8zlDoPd1VLKAqX5oLuZKs8xkJa4qi6RGn0uhCYFjWtHHC9EM/MwOwYWOs53W+V0aqEXq1sg==
  dependencies:
    follow-redirects "^1.14.4"

csstype@^2.6.8:
  version "2.6.18"
  resolved "https://registry.yarnpkg.com/csstype/-/csstype-2.6.18.tgz#980a8b53085f34af313410af064f2bd241784218"
  integrity sha512-RSU6Hyeg14am3Ah4VZEmeX8H7kLwEEirXe6aU2IPfKNvhXwTflK5HQRDNI0ypQXoqmm+QPyG2IaPuQE5zMwSIQ==

esbuild-android-arm64@0.13.6:
  version "0.13.6"
  resolved "https://registry.yarnpkg.com/esbuild-android-arm64/-/esbuild-android-arm64-0.13.6.tgz#a109b4e5203e9ec144cadccdf18a5daf021423e5"
  integrity sha512-uEwrMRzqNzXxzIi0K/CtHn3/SPoRso4Dd/aJCpf9KuX+kCs9Tlhz29cKbZieznYAekdo36fDUrZyuugAwSdI+A==

esbuild-darwin-64@0.13.6:
  version "0.13.6"
  resolved "https://registry.yarnpkg.com/esbuild-darwin-64/-/esbuild-darwin-64-0.13.6.tgz#1a00ef4d2b3b1fe9de28a5cf195df113d6461155"
  integrity sha512-oJdWZn2QV5LTM24/vVWaUFlMVlRhpG9zZIA6Xd+xbCULOURwYnYRQWIzRpXNtTfuAr3+em9PqKUaGtYqvO/DYg==

esbuild-darwin-arm64@0.13.6:
  version "0.13.6"
  resolved "https://registry.yarnpkg.com/esbuild-darwin-arm64/-/esbuild-darwin-arm64-0.13.6.tgz#f48954d441059e2d06c1675ddcc25af00b164935"
  integrity sha512-+f8Yn5doTEpCWtBaGxciDTikxESdGCNZpLYtXzMJLTWFHr8zqfAf4TAYGvg6T5T6N7OMC8HHy3GM+BijFXDXMg==

esbuild-freebsd-64@0.13.6:
  version "0.13.6"
  resolved "https://registry.yarnpkg.com/esbuild-freebsd-64/-/esbuild-freebsd-64-0.13.6.tgz#b3bfea7e21f0d80796220927118fc76170cac06f"
  integrity sha512-Yb/DgZUX0C6i4vnOymthLzoWAJBYWbn3Y2F4wKEufsx2veGN/wlwO/yz7IWGVVzb2zMUqbt30hCLF61sUFe7gA==

esbuild-freebsd-arm64@0.13.6:
  version "0.13.6"
  resolved "https://registry.yarnpkg.com/esbuild-freebsd-arm64/-/esbuild-freebsd-arm64-0.13.6.tgz#e6f5777a85012457ada049fc6b1e3e2c36161514"
  integrity sha512-UKYlEb7mwprSJ9VW9+q3/Mgxest45I6rGMB/hrKY1T6lqoBVhWS4BTbL4EGetWdk05Tw4njFAO9+nmxgl7jMlA==

esbuild-linux-32@0.13.6:
  version "0.13.6"
  resolved "https://registry.yarnpkg.com/esbuild-linux-32/-/esbuild-linux-32-0.13.6.tgz#8b04058312a76faec6964b954f1f02ab32ce43fe"
  integrity sha512-hQCZfSLBYtn8f1afFT6Dh9KeLsW12xLqrqssbhpi/xfN9c/bbCh/QQZaR9ZOEnmBHHRPb7rbSo3jQqlCWYb7LQ==

esbuild-linux-64@0.13.6:
  version "0.13.6"
  resolved "https://registry.yarnpkg.com/esbuild-linux-64/-/esbuild-linux-64-0.13.6.tgz#554d8edfe3f791f8b26978eb173b2e13643442c0"
  integrity sha512-bRQwsD+xJoajonfyeq5JpiNRogH4mYFYbYsGhwrtQ4pMGk93V/4KuKQiKEisRZO0hYhZL4MtxufwF195zKlCAw==

esbuild-linux-arm64@0.13.6:
  version "0.13.6"
  resolved "https://registry.yarnpkg.com/esbuild-linux-arm64/-/esbuild-linux-arm64-0.13.6.tgz#2142fadbdbc0ebd52a166f956f0ecb1f6602112a"
  integrity sha512-sRc1lt9ma1xBvInCwpS77ywR6KVdcJNsErsrDkDXx3mVe8DLLEn05TG0nIX9I+s8ouHEepikdKCfe1DZdILRjQ==

esbuild-linux-arm@0.13.6:
  version "0.13.6"
  resolved "https://registry.yarnpkg.com/esbuild-linux-arm/-/esbuild-linux-arm-0.13.6.tgz#ced8e35a94e0adbf134e5fa4e2b661f897e14b27"
  integrity sha512-qQUrpL7QoPqujXEFSpeu6QZ43z0+OdDPHDkLO0GPbpV/jebP7J+0FreMqoq7ZxWG4rPigwcRdEyqzHh8Bh4Faw==

esbuild-linux-mips64le@0.13.6:
  version "0.13.6"
  resolved "https://registry.yarnpkg.com/esbuild-linux-mips64le/-/esbuild-linux-mips64le-0.13.6.tgz#e5cbc050f5d44f8ecc0f79b1641bbad3919a2b3a"
  integrity sha512-1lsHZaIsHlFkHn1QRa/EONPGVHwzdIrkKn6r2m9cYUIn2J+rKtJg0e+WkNG3MaIrxozaGKaiSPGvaG1toCbZjw==

esbuild-linux-ppc64le@0.13.6:
  version "0.13.6"
  resolved "https://registry.yarnpkg.com/esbuild-linux-ppc64le/-/esbuild-linux-ppc64le-0.13.6.tgz#57868a7eb762c1d19fa6d367b09a4610f0cbf7ca"
  integrity sha512-x223JNC8XeLDf05zLaKfxqCEWVct4frp8ft8Qc13cha33TMrqMFaSPq6cgpgT2VYuUsXtwoocoWChKfvy+AUQg==

esbuild-netbsd-64@0.13.6:
  version "0.13.6"
  resolved "https://registry.yarnpkg.com/esbuild-netbsd-64/-/esbuild-netbsd-64-0.13.6.tgz#1c5daa62571f1065e4a1100a1db5e488ef259024"
  integrity sha512-TonKf530kT25+zi1Da6esITmuBJe13QiN+QGVch6YE8t720IvIelDGwkOQN3Td7A0JjbSbK3u+Fo6YaL151VxQ==

esbuild-openbsd-64@0.13.6:
  version "0.13.6"
  resolved "https://registry.yarnpkg.com/esbuild-openbsd-64/-/esbuild-openbsd-64-0.13.6.tgz#315fd85970365835f6a1eb7b6e9335d59f772564"
  integrity sha512-WFa5J0IuyER0UJbCGw87gvGWXGfhxeNppYcvQjp0pWYuH4FS+YqphyjV0RJlybzzDpAXkyZ9RzkMFtSAp+6AUA==

esbuild-sunos-64@0.13.6:
  version "0.13.6"
  resolved "https://registry.yarnpkg.com/esbuild-sunos-64/-/esbuild-sunos-64-0.13.6.tgz#8422eeb9f3712daa4befd19e5da6d7c9af9fc744"
  integrity sha512-duCL8Ewri+zjKxuN/61maniDxcd8fHwSuubdAPofll0y0E6WcL/R/e/mQzhHIuoguFm5RJkKun1qua54javh7g==

esbuild-windows-32@0.13.6:
  version "0.13.6"
  resolved "https://registry.yarnpkg.com/esbuild-windows-32/-/esbuild-windows-32-0.13.6.tgz#694eb4768ee72219d3bc6415b1d3a0f843aea9ec"
  integrity sha512-U8RkpT4f0/dygA5ytFyHNZ/fRECU9LWBMrqWflNhM31iTi6RhU0QTuOzFYkmpYnwl358ZZhVoBeEOm313d4u4A==

esbuild-windows-64@0.13.6:
  version "0.13.6"
  resolved "https://registry.yarnpkg.com/esbuild-windows-64/-/esbuild-windows-64-0.13.6.tgz#1adbf5367b08e735262f57098d19c07d0a2fec1c"
  integrity sha512-A23VyUeyBfSWUYNL0jtrJi5M/2yR/RR8zfpGQ0wU0fldqV2vxnvmBYOBwRxexFYCDRpRWh4cPFsoYoXRCFa8Dg==

esbuild-windows-arm64@0.13.6:
  version "0.13.6"
  resolved "https://registry.yarnpkg.com/esbuild-windows-arm64/-/esbuild-windows-arm64-0.13.6.tgz#9279083740ec90a2d638485c97b1d003771d685a"
  integrity sha512-K/pFqK/s5C6wXYcFKO9iPY4yU3DI0/Gbl1W2+OhaPHoXu13VGBmqbCiQ5lohHGE72FFQl76naOjEayEiI+gDMQ==

esbuild@^0.13.2:
  version "0.13.6"
  resolved "https://registry.yarnpkg.com/esbuild/-/esbuild-0.13.6.tgz#b9be288108d47e814a6c8729e495dce0fddbf441"
  integrity sha512-zkMkYwC9ohVe6qxXykKf/4jfbtM/09CL8UEEnwuhO7Xq8NOTN2yAwCrmKKvHlGrEej6Y8e/tAmHB7wMMg7O0ew==
  optionalDependencies:
    esbuild-android-arm64 "0.13.6"
    esbuild-darwin-64 "0.13.6"
    esbuild-darwin-arm64 "0.13.6"
    esbuild-freebsd-64 "0.13.6"
    esbuild-freebsd-arm64 "0.13.6"
    esbuild-linux-32 "0.13.6"
    esbuild-linux-64 "0.13.6"
    esbuild-linux-arm "0.13.6"
    esbuild-linux-arm64 "0.13.6"
    esbuild-linux-mips64le "0.13.6"
    esbuild-linux-ppc64le "0.13.6"
    esbuild-netbsd-64 "0.13.6"
    esbuild-openbsd-64 "0.13.6"
    esbuild-sunos-64 "0.13.6"
    esbuild-windows-32 "0.13.6"
    esbuild-windows-64 "0.13.6"
    esbuild-windows-arm64 "0.13.6"

estree-walker@^2.0.2:
  version "2.0.2"
  resolved "https://registry.yarnpkg.com/estree-walker/-/estree-walker-2.0.2.tgz#52f010178c2a4c117a7757cfe942adb7d2da4cac"
  integrity sha512-Rfkk/Mp/DL7JVje3u18FxFujQlTNR2q6QfMSMB7AvCBx91NGj/ba3kCfza0f6dVDbw7YlRf/nDrn7pQrCCyQ/w==

follow-redirects@^1.14.4:
  version "1.14.4"
  resolved "https://registry.yarnpkg.com/follow-redirects/-/follow-redirects-1.14.4.tgz#838fdf48a8bbdd79e52ee51fb1c94e3ed98b9379"
  integrity sha512-zwGkiSXC1MUJG/qmeIFH2HBJx9u0V46QGUe3YR1fXG8bXQxq7fLj0RjLZQ5nubr9qNJUZrH+xUcwXEoXNpfS+g==

fsevents@~2.3.2:
  version "2.3.2"
  resolved "https://registry.yarnpkg.com/fsevents/-/fsevents-2.3.2.tgz#8a526f78b8fdf4623b709e0b975c52c24c02fd1a"
  integrity sha512-xiqMQR4xAeHTuB9uWm+fFRcIOgKBMiOBP+eXiyT7jsgVCq1bkVygt00oASowB7EdtpOHaaPgKt812P9ab+DDKA==

function-bind@^1.1.1:
  version "1.1.1"
  resolved "https://registry.yarnpkg.com/function-bind/-/function-bind-1.1.1.tgz#a56899d3ea3c9bab874bb9773b7c5ede92f4895d"
  integrity sha512-yIovAzMX49sF8Yl58fSCWJ5svSLuaibPxXQJFLmBObTuCr0Mf1KiPopGM9NiFjiYBCbfaa2Fh6breQ6ANVTI0A==

has@^1.0.3:
  version "1.0.3"
  resolved "https://registry.yarnpkg.com/has/-/has-1.0.3.tgz#722d7cbfc1f6aa8241f16dd814e011e1f41e8796"
  integrity sha512-f2dvO0VU6Oej7RkWJGrehjbzMAjFp5/VKPp5tTpWIV4JHHZK1/BxbFRtf/siA2SWTe09caDmVtYYzWEIbBS4zw==
  dependencies:
    function-bind "^1.1.1"

is-core-module@^2.2.0:
  version "2.8.0"
  resolved "https://registry.yarnpkg.com/is-core-module/-/is-core-module-2.8.0.tgz#0321336c3d0925e497fd97f5d95cb114a5ccd548"
  integrity sha512-vd15qHsaqrRL7dtH6QNuy0ndJmRDrS9HAM1CAiSifNUFv4x1a0CCVsj18hJ1mShxIG6T2i1sO78MkP56r0nYRw==
  dependencies:
    has "^1.0.3"

lodash@4.17.21:
  version "4.17.21"
  resolved "https://registry.yarnpkg.com/lodash/-/lodash-4.17.21.tgz#679591c564c3bffaae8454cf0b3df370c3d6911c"
  integrity sha512-v2kDEe57lecTulaDIuNTPy3Ry4gLGJ6Z1O3vE1krgXZNrsQ+LFTGHVxVjcXPs17LhbZVGedAJv8XZ1tvj5FvSg==

magic-string@^0.25.7:
  version "0.25.7"
  resolved "https://registry.yarnpkg.com/magic-string/-/magic-string-0.25.7.tgz#3f497d6fd34c669c6798dcb821f2ef31f5445051"
  integrity sha512-4CrMT5DOHTDk4HYDlzmwu4FVCcIYI8gauveasrdCu2IKIFOJ3f0v/8MDGJCDL9oD2ppz/Av1b0Nj345H9M+XIA==
  dependencies:
    sourcemap-codec "^1.4.4"

nanoid@^3.1.28:
  version "3.1.30"
  resolved "https://registry.yarnpkg.com/nanoid/-/nanoid-3.1.30.tgz#63f93cc548d2a113dc5dfbc63bfa09e2b9b64362"
  integrity sha512-zJpuPDwOv8D2zq2WRoMe1HsfZthVewpel9CAvTfc/2mBD1uUT/agc5f7GHGWXlYkFvi1mVxe4IjvP2HNrop7nQ==

path-parse@^1.0.6:
  version "1.0.7"
  resolved "https://registry.yarnpkg.com/path-parse/-/path-parse-1.0.7.tgz#fbc114b60ca42b30d9daf5858e4bd68bbedb6735"
  integrity sha512-LDJzPVEEEPR+y48z93A0Ed0yXb8pAByGWo/k5YYdYgpY2/2EsOsksJrq7lOHxryrVOn1ejG6oAp8ahvOIQD8sw==

picocolors@^0.2.1:
  version "0.2.1"
  resolved "https://registry.yarnpkg.com/picocolors/-/picocolors-0.2.1.tgz#570670f793646851d1ba135996962abad587859f"
  integrity sha512-cMlDqaLEqfSaW8Z7N5Jw+lyIW869EzT73/F5lhtY9cLGoVxSXznfgfXMO0Z5K0o0Q2TkTXq+0KFsdnSe3jDViA==

postcss@^8.1.10, postcss@^8.3.8:
  version "8.3.9"
  resolved "https://registry.yarnpkg.com/postcss/-/postcss-8.3.9.tgz#98754caa06c4ee9eb59cc48bd073bb6bd3437c31"
  integrity sha512-f/ZFyAKh9Dnqytx5X62jgjhhzttjZS7hMsohcI7HEI5tjELX/HxCy3EFhsRxyzGvrzFF+82XPvCS8T9TFleVJw==
  dependencies:
    nanoid "^3.1.28"
    picocolors "^0.2.1"
    source-map-js "^0.6.2"

resolve@^1.20.0:
  version "1.20.0"
  resolved "https://registry.yarnpkg.com/resolve/-/resolve-1.20.0.tgz#629a013fb3f70755d6f0b7935cc1c2c5378b1975"
  integrity sha512-wENBPt4ySzg4ybFQW2TT1zMQucPK95HSh/nq2CFTZVOGut2+pQvSsgtda4d26YrYcr067wjbmzOG8byDPBX63A==
  dependencies:
    is-core-module "^2.2.0"
    path-parse "^1.0.6"

rollup@^2.57.0:
  version "2.58.0"
  resolved "https://registry.yarnpkg.com/rollup/-/rollup-2.58.0.tgz#a643983365e7bf7f5b7c62a8331b983b7c4c67fb"
  integrity sha512-NOXpusKnaRpbS7ZVSzcEXqxcLDOagN6iFS8p45RkoiMqPHDLwJm758UF05KlMoCRbLBTZsPOIa887gZJ1AiXvw==
  optionalDependencies:
    fsevents "~2.3.2"

source-map-js@^0.6.2:
  version "0.6.2"
  resolved "https://registry.yarnpkg.com/source-map-js/-/source-map-js-0.6.2.tgz#0bb5de631b41cfbda6cfba8bd05a80efdfd2385e"
  integrity sha512-/3GptzWzu0+0MBQFrDKzw/DvvMTUORvgY6k6jd/VS6iCR4RDTKWH6v6WPwQoUO8667uQEf9Oe38DxAYWY5F/Ug==

source-map@^0.6.1:
  version "0.6.1"
  resolved "https://registry.yarnpkg.com/source-map/-/source-map-0.6.1.tgz#74722af32e9614e9c287a8d0bbde48b5e2f1a263"
  integrity sha512-UjgapumWlbMhkBgzT7Ykc5YXUT46F0iKu8SGXq0bcwP5dz/h0Plj6enJqjz1Zbq2l5WaqYnrVbwWOWMyF3F47g==

sourcemap-codec@^1.4.4:
  version "1.4.8"
  resolved "https://registry.yarnpkg.com/sourcemap-codec/-/sourcemap-codec-1.4.8.tgz#ea804bd94857402e6992d05a38ef1ae35a9ab4c4"
  integrity sha512-9NykojV5Uih4lgo5So5dtw+f0JgJX30KCNI8gwhz2J9A15wD0Ml6tjHKwf6fTSa6fAdVBdZeNOs9eJ71qCk8vA==

tiny-emitter@2.1.0:
  version "2.1.0"
  resolved "https://registry.yarnpkg.com/tiny-emitter/-/tiny-emitter-2.1.0.tgz#1d1a56edfc51c43e863cbb5382a72330e3555423"
  integrity sha512-NB6Dk1A9xgQPMoGqC5CVXn123gWyte215ONT5Pp5a0yt4nlEoO1ZWeCwpncaekPHXO60i47ihFnZPiRPjRMq4Q==

vite@2.6.7:
  version "2.6.7"
  resolved "https://registry.yarnpkg.com/vite/-/vite-2.6.7.tgz#e15c1d8327950720b5d7c4ec3fb36a5a58ccf7cb"
  integrity sha512-ewk//jve9k6vlU8PfJmWUHN8k0YYdw4VaKOMvoQ3nT2Pb6k5OSMKQi4jPOzVH/TlUqMsCrq7IJ80xcuDDVyigg==
  dependencies:
    esbuild "^0.13.2"
    postcss "^8.3.8"
    resolve "^1.20.0"
    rollup "^2.57.0"
  optionalDependencies:
    fsevents "~2.3.2"

vue@3.2.16:
  version "3.2.16"
  resolved "https://registry.yarnpkg.com/vue/-/vue-3.2.16.tgz#bc547784b5df360cfa64d72fd0b94cd20149cf1e"
  integrity sha512-aGm8HbZe6IIj2b/LX6QXpAwwDFrpo8E1jdTkuBX2fS42c1+mQ1n0Wl+Dxnj9cgRM7bp1MIoXbPbDyDsOrXTO0w==
  dependencies:
    "@vue/compiler-dom" "3.2.16"
    "@vue/compiler-sfc" "3.2.16"
    "@vue/runtime-dom" "3.2.16"
    "@vue/server-renderer" "3.2.16"
    "@vue/shared" "3.2.16"
